// !$*UTF8*$!
{
	archiveVersion = 1;
	classes = {
	};
	objectVersion = 46;
	objects = {

/* Begin PBXBuildFile section */
		487DACCD1D2C3C26006837FE /* AppDelegate.swift in Sources */ = {isa = PBXBuildFile; fileRef = 487DACCC1D2C3C26006837FE /* AppDelegate.swift */; };
		487DACCF1D2C3C26006837FE /* ViewController.swift in Sources */ = {isa = PBXBuildFile; fileRef = 487DACCE1D2C3C26006837FE /* ViewController.swift */; };
		487DACD21D2C3C26006837FE /* Main.storyboard in Resources */ = {isa = PBXBuildFile; fileRef = 487DACD01D2C3C26006837FE /* Main.storyboard */; };
		487DACD41D2C3C26006837FE /* Assets.xcassets in Resources */ = {isa = PBXBuildFile; fileRef = 487DACD31D2C3C26006837FE /* Assets.xcassets */; };
		487DACD71D2C3C26006837FE /* LaunchScreen.storyboard in Resources */ = {isa = PBXBuildFile; fileRef = 487DACD51D2C3C26006837FE /* LaunchScreen.storyboard */; };
		B290891D3A3E31FC786EFF17 /* Pods_TestProject_GitHubAPI.framework in Frameworks */ = {isa = PBXBuildFile; fileRef = 91BA2CCB45FE2B94B5A32BD8 /* Pods_TestProject_GitHubAPI.framework */; };
/* End PBXBuildFile section */

/* Begin PBXFileReference section */
		26CE1CA7E5CFA16889CF3F3D /* Pods-TestProject-GitHubAPI.debug.xcconfig */ = {isa = PBXFileReference; includeInIndex = 1; lastKnownFileType = text.xcconfig; name = "Pods-TestProject-GitHubAPI.debug.xcconfig"; path = "Pods/Target Support Files/Pods-TestProject-GitHubAPI/Pods-TestProject-GitHubAPI.debug.xcconfig"; sourceTree = "<group>"; };
		487DACC91D2C3C26006837FE /* TestProject-GitHubAPI.app */ = {isa = PBXFileReference; explicitFileType = wrapper.application; includeInIndex = 0; path = "TestProject-GitHubAPI.app"; sourceTree = BUILT_PRODUCTS_DIR; };
		487DACCC1D2C3C26006837FE /* AppDelegate.swift */ = {isa = PBXFileReference; lastKnownFileType = sourcecode.swift; path = AppDelegate.swift; sourceTree = "<group>"; };
		487DACCE1D2C3C26006837FE /* ViewController.swift */ = {isa = PBXFileReference; lastKnownFileType = sourcecode.swift; path = ViewController.swift; sourceTree = "<group>"; };
		487DACD11D2C3C26006837FE /* Base */ = {isa = PBXFileReference; lastKnownFileType = file.storyboard; name = Base; path = Base.lproj/Main.storyboard; sourceTree = "<group>"; };
		487DACD31D2C3C26006837FE /* Assets.xcassets */ = {isa = PBXFileReference; lastKnownFileType = folder.assetcatalog; path = Assets.xcassets; sourceTree = "<group>"; };
		487DACD61D2C3C26006837FE /* Base */ = {isa = PBXFileReference; lastKnownFileType = file.storyboard; name = Base; path = Base.lproj/LaunchScreen.storyboard; sourceTree = "<group>"; };
		487DACD81D2C3C26006837FE /* Info.plist */ = {isa = PBXFileReference; lastKnownFileType = text.plist.xml; path = Info.plist; sourceTree = "<group>"; };
		91BA2CCB45FE2B94B5A32BD8 /* Pods_TestProject_GitHubAPI.framework */ = {isa = PBXFileReference; explicitFileType = wrapper.framework; includeInIndex = 0; path = Pods_TestProject_GitHubAPI.framework; sourceTree = BUILT_PRODUCTS_DIR; };
		CD188D015ED5A706523C91A8 /* Pods-TestProject-GitHubAPI.release.xcconfig */ = {isa = PBXFileReference; includeInIndex = 1; lastKnownFileType = text.xcconfig; name = "Pods-TestProject-GitHubAPI.release.xcconfig"; path = "Pods/Target Support Files/Pods-TestProject-GitHubAPI/Pods-TestProject-GitHubAPI.release.xcconfig"; sourceTree = "<group>"; };
/* End PBXFileReference section */

/* Begin PBXFrameworksBuildPhase section */
		487DACC61D2C3C26006837FE /* Frameworks */ = {
			isa = PBXFrameworksBuildPhase;
			buildActionMask = 2147483647;
			files = (
				B290891D3A3E31FC786EFF17 /* Pods_TestProject_GitHubAPI.framework in Frameworks */,
			);
			runOnlyForDeploymentPostprocessing = 0;
		};
/* End PBXFrameworksBuildPhase section */

/* Begin PBXGroup section */
		487DACC01D2C3C26006837FE = {
			isa = PBXGroup;
			children = (
				487DACCB1D2C3C26006837FE /* TestProject-GitHubAPI */,
				487DACCA1D2C3C26006837FE /* Products */,
				B1755BC591870AB4881DA2CB /* Pods */,
				8ADBBC9DF3D776A0FE8418C0 /* Frameworks */,
			);
			sourceTree = "<group>";
		};
		487DACCA1D2C3C26006837FE /* Products */ = {
			isa = PBXGroup;
			children = (
				487DACC91D2C3C26006837FE /* TestProject-GitHubAPI.app */,
			);
			name = Products;
			sourceTree = "<group>";
		};
		487DACCB1D2C3C26006837FE /* TestProject-GitHubAPI */ = {
			isa = PBXGroup;
			children = (
				487DACCC1D2C3C26006837FE /* AppDelegate.swift */,
				487DACCE1D2C3C26006837FE /* ViewController.swift */,
				487DACD01D2C3C26006837FE /* Main.storyboard */,
				487DACD31D2C3C26006837FE /* Assets.xcassets */,
				487DACD51D2C3C26006837FE /* LaunchScreen.storyboard */,
				487DACD81D2C3C26006837FE /* Info.plist */,
			);
			path = "TestProject-GitHubAPI";
			sourceTree = "<group>";
		};
		8ADBBC9DF3D776A0FE8418C0 /* Frameworks */ = {
			isa = PBXGroup;
			children = (
				91BA2CCB45FE2B94B5A32BD8 /* Pods_TestProject_GitHubAPI.framework */,
			);
			name = Frameworks;
			sourceTree = "<group>";
		};
		B1755BC591870AB4881DA2CB /* Pods */ = {
			isa = PBXGroup;
			children = (
				26CE1CA7E5CFA16889CF3F3D /* Pods-TestProject-GitHubAPI.debug.xcconfig */,
				CD188D015ED5A706523C91A8 /* Pods-TestProject-GitHubAPI.release.xcconfig */,
			);
			name = Pods;
			sourceTree = "<group>";
		};
/* End PBXGroup section */

/* Begin PBXNativeTarget section */
		487DACC81D2C3C26006837FE /* TestProject-GitHubAPI */ = {
			isa = PBXNativeTarget;
			buildConfigurationList = 487DACDB1D2C3C26006837FE /* Build configuration list for PBXNativeTarget "TestProject-GitHubAPI" */;
			buildPhases = (
				09170E73CB2B71CFE48E9588 /* [CP] Check Pods Manifest.lock */,
				487DACC51D2C3C26006837FE /* Sources */,
				487DACC61D2C3C26006837FE /* Frameworks */,
				487DACC71D2C3C26006837FE /* Resources */,
				51348F50C5255CFDEB0D6F3C /* [CP] Embed Pods Frameworks */,
				E2F2DC2E11F27DC004C9D71D /* [CP] Copy Pods Resources */,
			);
			buildRules = (
			);
			dependencies = (
			);
			name = "TestProject-GitHubAPI";
			productName = "TestProject-GitHubAPI";
			productReference = 487DACC91D2C3C26006837FE /* TestProject-GitHubAPI.app */;
			productType = "com.apple.product-type.application";
		};
/* End PBXNativeTarget section */

/* Begin PBXProject section */
		487DACC11D2C3C26006837FE /* Project object */ = {
			isa = PBXProject;
			attributes = {
				LastSwiftUpdateCheck = 0730;
				LastUpgradeCheck = 0730;
				ORGANIZATIONNAME = "Yuri Chukhlib";
				TargetAttributes = {
					487DACC81D2C3C26006837FE = {
						CreatedOnToolsVersion = 7.3.1;
					};
				};
			};
			buildConfigurationList = 487DACC41D2C3C26006837FE /* Build configuration list for PBXProject "TestProject-GitHubAPI" */;
			compatibilityVersion = "Xcode 3.2";
			developmentRegion = English;
			hasScannedForEncodings = 0;
			knownRegions = (
				en,
				Base,
			);
			mainGroup = 487DACC01D2C3C26006837FE;
			productRefGroup = 487DACCA1D2C3C26006837FE /* Products */;
			projectDirPath = "";
			projectRoot = "";
			targets = (
				487DACC81D2C3C26006837FE /* TestProject-GitHubAPI */,
			);
		};
/* End PBXProject section */

/* Begin PBXResourcesBuildPhase section */
		487DACC71D2C3C26006837FE /* Resources */ = {
			isa = PBXResourcesBuildPhase;
			buildActionMask = 2147483647;
			files = (
				487DACD71D2C3C26006837FE /* LaunchScreen.storyboard in Resources */,
				487DACD41D2C3C26006837FE /* Assets.xcassets in Resources */,
				487DACD21D2C3C26006837FE /* Main.storyboard in Resources */,
			);
			runOnlyForDeploymentPostprocessing = 0;
		};
/* End PBXResourcesBuildPhase section */

/* Begin PBXShellScriptBuildPhase section */
		09170E73CB2B71CFE48E9588 /* [CP] Check Pods Manifest.lock */ = {
			isa = PBXShellScriptBuildPhase;
			buildActionMask = 2147483647;
			files = (
			);
			inputPaths = (
			);
			name = "[CP] Check Pods Manifest.lock";
			outputPaths = (
			);
			runOnlyForDeploymentPostprocessing = 0;
			shellPath = /bin/sh;
			shellScript = "diff \"${PODS_ROOT}/../Podfile.lock\" \"${PODS_ROOT}/Manifest.lock\" > /dev/null\nif [[ $? != 0 ]] ; then\n    cat << EOM\nerror: The sandbox is not in sync with the Podfile.lock. Run 'pod install' or update your CocoaPods installation.\nEOM\n    exit 1\nfi\n";
			showEnvVarsInLog = 0;
		};
		51348F50C5255CFDEB0D6F3C /* [CP] Embed Pods Frameworks */ = {
			isa = PBXShellScriptBuildPhase;
			buildActionMask = 2147483647;
			files = (
			);
			inputPaths = (
			);
			name = "[CP] Embed Pods Frameworks";
			outputPaths = (
			);
			runOnlyForDeploymentPostprocessing = 0;
			shellPath = /bin/sh;
			shellScript = "\"${SRCROOT}/Pods/Target Support Files/Pods-TestProject-GitHubAPI/Pods-TestProject-GitHubAPI-frameworks.sh\"\n";
			showEnvVarsInLog = 0;
		};
		E2F2DC2E11F27DC004C9D71D /* [CP] Copy Pods Resources */ = {
			isa = PBXShellScriptBuildPhase;
			buildActionMask = 2147483647;
			files = (
			);
			inputPaths = (
			);
			name = "[CP] Copy Pods Resources";
			outputPaths = (
			);
			runOnlyForDeploymentPostprocessing = 0;
			shellPath = /bin/sh;
			shellScript = "\"${SRCROOT}/Pods/Target Support Files/Pods-TestProject-GitHubAPI/Pods-TestProject-GitHubAPI-resources.sh\"\n";
			showEnvVarsInLog = 0;
		};
/* End PBXShellScriptBuildPhase section */

/* Begin PBXSourcesBuildPhase section */
		487DACC51D2C3C26006837FE /* Sources */ = {
			isa = PBXSourcesBuildPhase;
			buildActionMask = 2147483647;
			files = (
				487DACCF1D2C3C26006837FE /* ViewController.swift in Sources */,
				487DACCD1D2C3C26006837FE /* AppDelegate.swift in Sources */,
			);
			runOnlyForDeploymentPostprocessing = 0;
		};
/* End PBXSourcesBuildPhase section */

/* Begin PBXVariantGroup section */
		487DACD01D2C3C26006837FE /* Main.storyboard */ = {
			isa = PBXVariantGroup;
			children = (
				487DACD11D2C3C26006837FE /* Base */,
			);
			name = Main.storyboard;
			sourceTree = "<group>";
		};
		487DACD51D2C3C26006837FE /* LaunchScreen.storyboard */ = {
			isa = PBXVariantGroup;
			children = (
				487DACD61D2C3C26006837FE /* Base */,
			);
			name = LaunchScreen.storyboard;
			sourceTree = "<group>";
		};
/* End PBXVariantGroup section */

/* Begin XCBuildConfiguration section */
		487DACD91D2C3C26006837FE /* Debug */ = {
			isa = XCBuildConfiguration;
			buildSettings = {
				ALWAYS_SEARCH_USER_PATHS = NO;
				CLANG_ANALYZER_NONNULL = YES;
				CLANG_CXX_LANGUAGE_STANDARD = "gnu++0x";
				CLANG_CXX_LIBRARY = "libc++";
				CLANG_ENABLE_MODULES = YES;
				CLANG_ENABLE_OBJC_ARC = YES;
				CLANG_WARN_BOOL_CONVERSION = YES;
				CLANG_WARN_CONSTANT_CONVERSION = YES;
				CLANG_WARN_DIRECT_OBJC_ISA_USAGE = YES_ERROR;
				CLANG_WARN_EMPTY_BODY = YES;
				CLANG_WARN_ENUM_CONVERSION = YES;
				CLANG_WARN_INT_CONVERSION = YES;
				CLANG_WARN_OBJC_ROOT_CLASS = YES_ERROR;
				CLANG_WARN_UNREACHABLE_CODE = YES;
				CLANG_WARN__DUPLICATE_METHOD_MATCH = YES;
				"CODE_SIGN_IDENTITY[sdk=iphoneos*]" = "iPhone Developer";
				COPY_PHASE_STRIP = NO;
				DEBUG_INFORMATION_FORMAT = dwarf;
				ENABLE_STRICT_OBJC_MSGSEND = YES;
				ENABLE_TESTABILITY = YES;
				GCC_C_LANGUAGE_STANDARD = gnu99;
				GCC_DYNAMIC_NO_PIC = NO;
				GCC_NO_COMMON_BLOCKS = YES;
				GCC_OPTIMIZATION_LEVEL = 0;
				GCC_PREPROCESSOR_DEFINITIONS = (
					"DEBUG=1",
					"$(inherited)",
				);
				GCC_WARN_64_TO_32_BIT_CONVERSION = YES;
				GCC_WARN_ABOUT_RETURN_TYPE = YES_ERROR;
				GCC_WARN_UNDECLARED_SELECTOR = YES;
				GCC_WARN_UNINITIALIZED_AUTOS = YES_AGGRESSIVE;
				GCC_WARN_UNUSED_FUNCTION = YES;
				GCC_WARN_UNUSED_VARIABLE = YES;
				IPHONEOS_DEPLOYMENT_TARGET = 9.3;
				MTL_ENABLE_DEBUG_INFO = YES;
				ONLY_ACTIVE_ARCH = YES;
				SDKROOT = iphoneos;
				SWIFT_OPTIMIZATION_LEVEL = "-Onone";
				TARGETED_DEVICE_FAMILY = "1,2";
			};
			name = Debug;
		};
		487DACDA1D2C3C26006837FE /* Release */ = {
			isa = XCBuildConfiguration;
			buildSettings = {
				ALWAYS_SEARCH_USER_PATHS = NO;
				CLANG_ANALYZER_NONNULL = YES;
				CLANG_CXX_LANGUAGE_STANDARD = "gnu++0x";
				CLANG_CXX_LIBRARY = "libc++";
				CLANG_ENABLE_MODULES = YES;
				CLANG_ENABLE_OBJC_ARC = YES;
				CLANG_WARN_BOOL_CONVERSION = YES;
				CLANG_WARN_CONSTANT_CONVERSION = YES;
				CLANG_WARN_DIRECT_OBJC_ISA_USAGE = YES_ERROR;
				CLANG_WARN_EMPTY_BODY = YES;
				CLANG_WARN_ENUM_CONVERSION = YES;
				CLANG_WARN_INT_CONVERSION = YES;
				CLANG_WARN_OBJC_ROOT_CLASS = YES_ERROR;
				CLANG_WARN_UNREACHABLE_CODE = YES;
				CLANG_WARN__DUPLICATE_METHOD_MATCH = YES;
				"CODE_SIGN_IDENTITY[sdk=iphoneos*]" = "iPhone Developer";
				COPY_PHASE_STRIP = NO;
				DEBUG_INFORMATION_FORMAT = "dwarf-with-dsym";
				ENABLE_NS_ASSERTIONS = NO;
				ENABLE_STRICT_OBJC_MSGSEND = YES;
				GCC_C_LANGUAGE_STANDARD = gnu99;
				GCC_NO_COMMON_BLOCKS = YES;
				GCC_WARN_64_TO_32_BIT_CONVERSION = YES;
				GCC_WARN_ABOUT_RETURN_TYPE = YES_ERROR;
				GCC_WARN_UNDECLARED_SELECTOR = YES;
				GCC_WARN_UNINITIALIZED_AUTOS = YES_AGGRESSIVE;
				GCC_WARN_UNUSED_FUNCTION = YES;
				GCC_WARN_UNUSED_VARIABLE = YES;
				IPHONEOS_DEPLOYMENT_TARGET = 9.3;
				MTL_ENABLE_DEBUG_INFO = NO;
				SDKROOT = iphoneos;
				TARGETED_DEVICE_FAMILY = "1,2";
				VALIDATE_PRODUCT = YES;
			};
			name = Release;
		};
		487DACDC1D2C3C26006837FE /* Debug */ = {
			isa = XCBuildConfiguration;
			baseConfigurationReference = 26CE1CA7E5CFA16889CF3F3D /* Pods-TestProject-GitHubAPI.debug.xcconfig */;
			buildSettings = {
				ASSETCATALOG_COMPILER_APPICON_NAME = AppIcon;
				INFOPLIST_FILE = "TestProject-GitHubAPI/Info.plist";
				LD_RUNPATH_SEARCH_PATHS = "$(inherited) @executable_path/Frameworks";
				PRODUCT_BUNDLE_IDENTIFIER = "D4.TestProject-GitHubAPI";
				PRODUCT_NAME = "$(TARGET_NAME)";
			};
			name = Debug;
		};
		487DACDD1D2C3C26006837FE /* Release */ = {
			isa = XCBuildConfiguration;
			baseConfigurationReference = CD188D015ED5A706523C91A8 /* Pods-TestProject-GitHubAPI.release.xcconfig */;
			buildSettings = {
				ASSETCATALOG_COMPILER_APPICON_NAME = AppIcon;
				INFOPLIST_FILE = "TestProject-GitHubAPI/Info.plist";
				LD_RUNPATH_SEARCH_PATHS = "$(inherited) @executable_path/Frameworks";
				PRODUCT_BUNDLE_IDENTIFIER = "D4.TestProject-GitHubAPI";
				PRODUCT_NAME = "$(TARGET_NAME)";
			};
			name = Release;
		};
/* End XCBuildConfiguration section */

/* Begin XCConfigurationList section */
		487DACC41D2C3C26006837FE /* Build configuration list for PBXProject "TestProject-GitHubAPI" */ = {
			isa = XCConfigurationList;
			buildConfigurations = (
				487DACD91D2C3C26006837FE /* Debug */,
				487DACDA1D2C3C26006837FE /* Release */,
			);
			defaultConfigurationIsVisible = 0;
			defaultConfigurationName = Release;
		};
		487DACDB1D2C3C26006837FE /* Build configuration list for PBXNativeTarget "TestProject-GitHubAPI" */ = {
			isa = XCConfigurationList;
			buildConfigurations = (
				487DACDC1D2C3C26006837FE /* Debug */,
				487DACDD1D2C3C26006837FE /* Release */,
			);
			defaultConfigurationIsVisible = 0;
			defaultConfigurationName = Release;
		};
/* End XCConfigurationList section */
	};
	rootObject = 487DACC11D2C3C26006837FE /* Project object */;
}
